{
  "name": "poka",
  "version": "0.0.1",
  "lockfileVersion": 1,
  "requires": true,
  "dependencies": {
    "jquery": {
      "version": "3.2.1",
      "resolved": "https://registry.npmjs.org/jquery/-/jquery-3.2.1.tgz",
      "integrity": "sha1-XE2d5lKvbNCncBVKYxu6ErAVx4c="
    },
    "jquery-ui": {
      "version": "1.12.1",
      "resolved": "https://registry.npmjs.org/jquery-ui/-/jquery-ui-1.12.1.tgz",
      "integrity": "sha1-vLQEXI3QU5wTS8FIjN0+dop6nlE="
    },
    "jquery-ui-bundle": {
      "version": "1.12.1",
      "resolved":
        "https://registry.npmjs.org/jquery-ui-bundle/-/jquery-ui-bundle-1.12.1.tgz",
      "integrity": "sha1-1r4uTDd0lOI3ixyuKSCpHRGC2MQ="
    },
    "jquery-ui-dist": {
      "version": "1.12.1",
      "resolved":
        "https://registry.npmjs.org/jquery-ui-dist/-/jquery-ui-dist-1.12.1.tgz",
      "integrity": "sha1-XAgV08xvkP9fqvWyaKbiO0ypBPo="
    }
  }
}
